
Microsoft Visual Studio Solution File, Format Version 12.00
# Visual Studio Version 16
VisualStudioVersion = 16.0.31515.178
MinimumVisualStudioVersion = 10.0.40219.1
Project("{FAE04EC0-301F-11D3-BF4B-00C04F79EFBC}") = "AlunoAPI_Visual", "AlunoAPI_Visual.csproj", "{0CF0FB97-DD46-44C0-9C3F-021B424C38A6}"
EndProject
Global
	GlobalSection(SolutionConfigurationPlatforms) = preSolution
		Debug|Any CPU = Debug|Any CPU
		Release|Any CPU = Release|Any CPU
	EndGlobalSection
	GlobalSection(ProjectConfigurationPlatforms) = postSolution
		{0CF0FB97-DD46-44C0-9C3F-021B424C38A6}.Debug|Any CPU.ActiveCfg = Debug|Any CPU
		{0CF0FB97-DD46-44C0-9C3F-021B424C38A6}.Debug|Any CPU.Build.0 = Debug|Any CPU
		{0CF0FB97-DD46-44C0-9C3F-021B424C38A6}.Release|Any CPU.ActiveCfg = Release|Any CPU
		{0CF0FB97-DD46-44C0-9C3F-021B424C38A6}.Release|Any CPU.Build.0 = Release|Any CPU
	EndGlobalSection
	GlobalSection(SolutionProperties) = preSolution
		HideSolutionNode = FALSE
	EndGlobalSection
	GlobalSection(ExtensibilityGlobals) = postSolution
		SolutionGuid = {97A38338-354C-419F-A6FC-0C8EB222EC26}
	EndGlobalSection
EndGlobal
